
Microsoft Visual Studio Solution File, Format Version 12.00
# Visual Studio Version 16
VisualStudioVersion = 16.0.31624.102
MinimumVisualStudioVersion = 10.0.40219.1
Project("{FAE04EC0-301F-11D3-BF4B-00C04F79EFBC}") = "ExercicioDeFixacao_Unidade05", "ExercicioDeFixacao_Unidade05\ExercicioDeFixacao_Unidade05.csproj", "{B72CE96E-2320-4642-A304-68DB05A64634}"
EndProject
Global
	GlobalSection(SolutionConfigurationPlatforms) = preSolution
		Debug|Any CPU = Debug|Any CPU
		Release|Any CPU = Release|Any CPU
	EndGlobalSection
	GlobalSection(ProjectConfigurationPlatforms) = postSolution
		{B72CE96E-2320-4642-A304-68DB05A64634}.Debug|Any CPU.ActiveCfg = Debug|Any CPU
		{B72CE96E-2320-4642-A304-68DB05A64634}.Debug|Any CPU.Build.0 = Debug|Any CPU
		{B72CE96E-2320-4642-A304-68DB05A64634}.Release|Any CPU.ActiveCfg = Release|Any CPU
		{B72CE96E-2320-4642-A304-68DB05A64634}.Release|Any CPU.Build.0 = Release|Any CPU
	EndGlobalSection
	GlobalSection(SolutionProperties) = preSolution
		HideSolutionNode = FALSE
	EndGlobalSection
	GlobalSection(ExtensibilityGlobals) = postSolution
		SolutionGuid = {5A85F2F9-3594-417A-BB94-AAA17632765C}
	EndGlobalSection
EndGlobal
