
Microsoft Visual Studio Solution File, Format Version 12.00
# Visual Studio Version 16
VisualStudioVersion = 16.0.31624.102
MinimumVisualStudioVersion = 10.0.40219.1
Project("{FAE04EC0-301F-11D3-BF4B-00C04F79EFBC}") = "ExFixacao01", "ExFixacao01\ExFixacao01.csproj", "{CBEFF5D0-FB3D-4EB3-B8FC-D7523C806A4A}"
EndProject
Global
	GlobalSection(SolutionConfigurationPlatforms) = preSolution
		Debug|Any CPU = Debug|Any CPU
		Release|Any CPU = Release|Any CPU
	EndGlobalSection
	GlobalSection(ProjectConfigurationPlatforms) = postSolution
		{CBEFF5D0-FB3D-4EB3-B8FC-D7523C806A4A}.Debug|Any CPU.ActiveCfg = Debug|Any CPU
		{CBEFF5D0-FB3D-4EB3-B8FC-D7523C806A4A}.Debug|Any CPU.Build.0 = Debug|Any CPU
		{CBEFF5D0-FB3D-4EB3-B8FC-D7523C806A4A}.Release|Any CPU.ActiveCfg = Release|Any CPU
		{CBEFF5D0-FB3D-4EB3-B8FC-D7523C806A4A}.Release|Any CPU.Build.0 = Release|Any CPU
	EndGlobalSection
	GlobalSection(SolutionProperties) = preSolution
		HideSolutionNode = FALSE
	EndGlobalSection
	GlobalSection(ExtensibilityGlobals) = postSolution
		SolutionGuid = {5C6C13BB-A82F-471C-BF9E-3819806CC6F1}
	EndGlobalSection
EndGlobal
